
Microsoft Visual Studio Solution File, Format Version 12.00
# Visual Studio Version 17
VisualStudioVersion = 17.9.34607.119
MinimumVisualStudioVersion = 10.0.40219.1
Project("{FAE04EC0-301F-11D3-BF4B-00C04F79EFBC}") = "Chess_MiniMax", "Chess_MiniMax\Chess_MiniMax.csproj", "{1366527B-5CA7-4B9E-92E0-D63EB1B5C461}"
EndProject
Global
	GlobalSection(SolutionConfigurationPlatforms) = preSolution
		Debug|Any CPU = Debug|Any CPU
		Release|Any CPU = Release|Any CPU
	EndGlobalSection
	GlobalSection(ProjectConfigurationPlatforms) = postSolution
		{1366527B-5CA7-4B9E-92E0-D63EB1B5C461}.Debug|Any CPU.ActiveCfg = Debug|Any CPU
		{1366527B-5CA7-4B9E-92E0-D63EB1B5C461}.Debug|Any CPU.Build.0 = Debug|Any CPU
		{1366527B-5CA7-4B9E-92E0-D63EB1B5C461}.Release|Any CPU.ActiveCfg = Release|Any CPU
		{1366527B-5CA7-4B9E-92E0-D63EB1B5C461}.Release|Any CPU.Build.0 = Release|Any CPU
	EndGlobalSection
	GlobalSection(SolutionProperties) = preSolution
		HideSolutionNode = FALSE
	EndGlobalSection
	GlobalSection(ExtensibilityGlobals) = postSolution
		SolutionGuid = {591C1D44-5E13-4DE9-8B62-944267C75CF3}
	EndGlobalSection
EndGlobal
